// !$*UTF8*$!
{
	archiveVersion = 1;
	classes = {
	};
	objectVersion = 46;
	objects = {

/* Begin PBXBuildFile section */
		64A85A671F8F4C3100BF0A4C /* AppDelegate.swift in Sources */ = {isa = PBXBuildFile; fileRef = 64A85A661F8F4C3100BF0A4C /* AppDelegate.swift */; };
		64A85A691F8F4C3100BF0A4C /* ViewController.swift in Sources */ = {isa = PBXBuildFile; fileRef = 64A85A681F8F4C3100BF0A4C /* ViewController.swift */; };
		64A85A6C1F8F4C3100BF0A4C /* Main.storyboard in Resources */ = {isa = PBXBuildFile; fileRef = 64A85A6A1F8F4C3100BF0A4C /* Main.storyboard */; };
		64A85A6E1F8F4C3100BF0A4C /* Assets.xcassets in Resources */ = {isa = PBXBuildFile; fileRef = 64A85A6D1F8F4C3100BF0A4C /* Assets.xcassets */; };
		64A85A711F8F4C3100BF0A4C /* LaunchScreen.storyboard in Resources */ = {isa = PBXBuildFile; fileRef = 64A85A6F1F8F4C3100BF0A4C /* LaunchScreen.storyboard */; };
		64A85A7C1F8F4C3200BF0A4C /* EasyRequestTests.swift in Sources */ = {isa = PBXBuildFile; fileRef = 64A85A7B1F8F4C3200BF0A4C /* EasyRequestTests.swift */; };
		64A85A871F8F4C3200BF0A4C /* EasyRequestUITests.swift in Sources */ = {isa = PBXBuildFile; fileRef = 64A85A861F8F4C3200BF0A4C /* EasyRequestUITests.swift */; };
		64A85A951F8F4C6000BF0A4C /* EasyRequest.swift in Sources */ = {isa = PBXBuildFile; fileRef = 64A85A941F8F4C6000BF0A4C /* EasyRequest.swift */; };
		64A85A971F8F4FA000BF0A4C /* RequestResponderChain.swift in Sources */ = {isa = PBXBuildFile; fileRef = 64A85A961F8F4FA000BF0A4C /* RequestResponderChain.swift */; };
		64A85A991F8F4FC300BF0A4C /* RequestResponder.swift in Sources */ = {isa = PBXBuildFile; fileRef = 64A85A981F8F4FC300BF0A4C /* RequestResponder.swift */; };
		64A85A9B1F8F607200BF0A4C /* EasyRequestManager.swift in Sources */ = {isa = PBXBuildFile; fileRef = 64A85A9A1F8F607200BF0A4C /* EasyRequestManager.swift */; };
/* End PBXBuildFile section */

/* Begin PBXContainerItemProxy section */
		64A85A781F8F4C3200BF0A4C /* PBXContainerItemProxy */ = {
			isa = PBXContainerItemProxy;
			containerPortal = 64A85A5B1F8F4C3100BF0A4C /* Project object */;
			proxyType = 1;
			remoteGlobalIDString = 64A85A621F8F4C3100BF0A4C;
			remoteInfo = EasyRequest;
		};
		64A85A831F8F4C3200BF0A4C /* PBXContainerItemProxy */ = {
			isa = PBXContainerItemProxy;
			containerPortal = 64A85A5B1F8F4C3100BF0A4C /* Project object */;
			proxyType = 1;
			remoteGlobalIDString = 64A85A621F8F4C3100BF0A4C;
			remoteInfo = EasyRequest;
		};
/* End PBXContainerItemProxy section */

/* Begin PBXFileReference section */
		64A85A631F8F4C3100BF0A4C /* EasyRequest.app */ = {isa = PBXFileReference; explicitFileType = wrapper.application; includeInIndex = 0; path = EasyRequest.app; sourceTree = BUILT_PRODUCTS_DIR; };
		64A85A661F8F4C3100BF0A4C /* AppDelegate.swift */ = {isa = PBXFileReference; lastKnownFileType = sourcecode.swift; path = AppDelegate.swift; sourceTree = "<group>"; };
		64A85A681F8F4C3100BF0A4C /* ViewController.swift */ = {isa = PBXFileReference; lastKnownFileType = sourcecode.swift; path = ViewController.swift; sourceTree = "<group>"; };
		64A85A6B1F8F4C3100BF0A4C /* Base */ = {isa = PBXFileReference; lastKnownFileType = file.storyboard; name = Base; path = Base.lproj/Main.storyboard; sourceTree = "<group>"; };
		64A85A6D1F8F4C3100BF0A4C /* Assets.xcassets */ = {isa = PBXFileReference; lastKnownFileType = folder.assetcatalog; path = Assets.xcassets; sourceTree = "<group>"; };
		64A85A701F8F4C3100BF0A4C /* Base */ = {isa = PBXFileReference; lastKnownFileType = file.storyboard; name = Base; path = Base.lproj/LaunchScreen.storyboard; sourceTree = "<group>"; };
		64A85A721F8F4C3100BF0A4C /* Info.plist */ = {isa = PBXFileReference; lastKnownFileType = text.plist.xml; path = Info.plist; sourceTree = "<group>"; };
		64A85A771F8F4C3200BF0A4C /* EasyRequestTests.xctest */ = {isa = PBXFileReference; explicitFileType = wrapper.cfbundle; includeInIndex = 0; path = EasyRequestTests.xctest; sourceTree = BUILT_PRODUCTS_DIR; };
		64A85A7B1F8F4C3200BF0A4C /* EasyRequestTests.swift */ = {isa = PBXFileReference; lastKnownFileType = sourcecode.swift; path = EasyRequestTests.swift; sourceTree = "<group>"; };
		64A85A7D1F8F4C3200BF0A4C /* Info.plist */ = {isa = PBXFileReference; lastKnownFileType = text.plist.xml; path = Info.plist; sourceTree = "<group>"; };
		64A85A821F8F4C3200BF0A4C /* EasyRequestUITests.xctest */ = {isa = PBXFileReference; explicitFileType = wrapper.cfbundle; includeInIndex = 0; path = EasyRequestUITests.xctest; sourceTree = BUILT_PRODUCTS_DIR; };
		64A85A861F8F4C3200BF0A4C /* EasyRequestUITests.swift */ = {isa = PBXFileReference; lastKnownFileType = sourcecode.swift; path = EasyRequestUITests.swift; sourceTree = "<group>"; };
		64A85A881F8F4C3200BF0A4C /* Info.plist */ = {isa = PBXFileReference; lastKnownFileType = text.plist.xml; path = Info.plist; sourceTree = "<group>"; };
		64A85A941F8F4C6000BF0A4C /* EasyRequest.swift */ = {isa = PBXFileReference; fileEncoding = 4; lastKnownFileType = sourcecode.swift; path = EasyRequest.swift; sourceTree = "<group>"; };
		64A85A961F8F4FA000BF0A4C /* RequestResponderChain.swift */ = {isa = PBXFileReference; fileEncoding = 4; lastKnownFileType = sourcecode.swift; path = RequestResponderChain.swift; sourceTree = "<group>"; };
		64A85A981F8F4FC300BF0A4C /* RequestResponder.swift */ = {isa = PBXFileReference; fileEncoding = 4; lastKnownFileType = sourcecode.swift; path = RequestResponder.swift; sourceTree = "<group>"; };
		64A85A9A1F8F607200BF0A4C /* EasyRequestManager.swift */ = {isa = PBXFileReference; fileEncoding = 4; lastKnownFileType = sourcecode.swift; path = EasyRequestManager.swift; sourceTree = "<group>"; };
/* End PBXFileReference section */

/* Begin PBXFrameworksBuildPhase section */
		64A85A601F8F4C3100BF0A4C /* Frameworks */ = {
			isa = PBXFrameworksBuildPhase;
			buildActionMask = 2147483647;
			files = (
			);
			runOnlyForDeploymentPostprocessing = 0;
		};
		64A85A741F8F4C3200BF0A4C /* Frameworks */ = {
			isa = PBXFrameworksBuildPhase;
			buildActionMask = 2147483647;
			files = (
			);
			runOnlyForDeploymentPostprocessing = 0;
		};
		64A85A7F1F8F4C3200BF0A4C /* Frameworks */ = {
			isa = PBXFrameworksBuildPhase;
			buildActionMask = 2147483647;
			files = (
			);
			runOnlyForDeploymentPostprocessing = 0;
		};
/* End PBXFrameworksBuildPhase section */

/* Begin PBXGroup section */
		64A85A5A1F8F4C3100BF0A4C = {
			isa = PBXGroup;
			children = (
				64A85A651F8F4C3100BF0A4C /* EasyRequest */,
				64A85A7A1F8F4C3200BF0A4C /* EasyRequestTests */,
				64A85A851F8F4C3200BF0A4C /* EasyRequestUITests */,
				64A85A641F8F4C3100BF0A4C /* Products */,
			);
			sourceTree = "<group>";
		};
		64A85A641F8F4C3100BF0A4C /* Products */ = {
			isa = PBXGroup;
			children = (
				64A85A631F8F4C3100BF0A4C /* EasyRequest.app */,
				64A85A771F8F4C3200BF0A4C /* EasyRequestTests.xctest */,
				64A85A821F8F4C3200BF0A4C /* EasyRequestUITests.xctest */,
			);
			name = Products;
			sourceTree = "<group>";
		};
		64A85A651F8F4C3100BF0A4C /* EasyRequest */ = {
			isa = PBXGroup;
			children = (
				64A85A661F8F4C3100BF0A4C /* AppDelegate.swift */,
				64A85A681F8F4C3100BF0A4C /* ViewController.swift */,
				64A85A941F8F4C6000BF0A4C /* EasyRequest.swift */,
				64A85A961F8F4FA000BF0A4C /* RequestResponderChain.swift */,
				64A85A981F8F4FC300BF0A4C /* RequestResponder.swift */,
				64A85A9A1F8F607200BF0A4C /* EasyRequestManager.swift */,
				64A85A6A1F8F4C3100BF0A4C /* Main.storyboard */,
				64A85A6D1F8F4C3100BF0A4C /* Assets.xcassets */,
				64A85A6F1F8F4C3100BF0A4C /* LaunchScreen.storyboard */,
				64A85A721F8F4C3100BF0A4C /* Info.plist */,
			);
			path = EasyRequest;
			sourceTree = "<group>";
		};
		64A85A7A1F8F4C3200BF0A4C /* EasyRequestTests */ = {
			isa = PBXGroup;
			children = (
				64A85A7B1F8F4C3200BF0A4C /* EasyRequestTests.swift */,
				64A85A7D1F8F4C3200BF0A4C /* Info.plist */,
			);
			path = EasyRequestTests;
			sourceTree = "<group>";
		};
		64A85A851F8F4C3200BF0A4C /* EasyRequestUITests */ = {
			isa = PBXGroup;
			children = (
				64A85A861F8F4C3200BF0A4C /* EasyRequestUITests.swift */,
				64A85A881F8F4C3200BF0A4C /* Info.plist */,
			);
			path = EasyRequestUITests;
			sourceTree = "<group>";
		};
/* End PBXGroup section */

/* Begin PBXNativeTarget section */
		64A85A621F8F4C3100BF0A4C /* EasyRequest */ = {
			isa = PBXNativeTarget;
			buildConfigurationList = 64A85A8B1F8F4C3200BF0A4C /* Build configuration list for PBXNativeTarget "EasyRequest" */;
			buildPhases = (
				64A85A5F1F8F4C3100BF0A4C /* Sources */,
				64A85A601F8F4C3100BF0A4C /* Frameworks */,
				64A85A611F8F4C3100BF0A4C /* Resources */,
			);
			buildRules = (
			);
			dependencies = (
			);
			name = EasyRequest;
			productName = EasyRequest;
			productReference = 64A85A631F8F4C3100BF0A4C /* EasyRequest.app */;
			productType = "com.apple.product-type.application";
		};
		64A85A761F8F4C3200BF0A4C /* EasyRequestTests */ = {
			isa = PBXNativeTarget;
			buildConfigurationList = 64A85A8E1F8F4C3200BF0A4C /* Build configuration list for PBXNativeTarget "EasyRequestTests" */;
			buildPhases = (
				64A85A731F8F4C3200BF0A4C /* Sources */,
				64A85A741F8F4C3200BF0A4C /* Frameworks */,
				64A85A751F8F4C3200BF0A4C /* Resources */,
			);
			buildRules = (
			);
			dependencies = (
				64A85A791F8F4C3200BF0A4C /* PBXTargetDependency */,
			);
			name = EasyRequestTests;
			productName = EasyRequestTests;
			productReference = 64A85A771F8F4C3200BF0A4C /* EasyRequestTests.xctest */;
			productType = "com.apple.product-type.bundle.unit-test";
		};
		64A85A811F8F4C3200BF0A4C /* EasyRequestUITests */ = {
			isa = PBXNativeTarget;
			buildConfigurationList = 64A85A911F8F4C3200BF0A4C /* Build configuration list for PBXNativeTarget "EasyRequestUITests" */;
			buildPhases = (
				64A85A7E1F8F4C3200BF0A4C /* Sources */,
				64A85A7F1F8F4C3200BF0A4C /* Frameworks */,
				64A85A801F8F4C3200BF0A4C /* Resources */,
			);
			buildRules = (
			);
			dependencies = (
				64A85A841F8F4C3200BF0A4C /* PBXTargetDependency */,
			);
			name = EasyRequestUITests;
			productName = EasyRequestUITests;
			productReference = 64A85A821F8F4C3200BF0A4C /* EasyRequestUITests.xctest */;
			productType = "com.apple.product-type.bundle.ui-testing";
		};
/* End PBXNativeTarget section */

/* Begin PBXProject section */
		64A85A5B1F8F4C3100BF0A4C /* Project object */ = {
			isa = PBXProject;
			attributes = {
				LastSwiftUpdateCheck = 0820;
				LastUpgradeCheck = 0820;
				ORGANIZATIONNAME = alvin;
				TargetAttributes = {
					64A85A621F8F4C3100BF0A4C = {
						CreatedOnToolsVersion = 8.2;
						DevelopmentTeam = 8TQN657P43;
						ProvisioningStyle = Automatic;
					};
					64A85A761F8F4C3200BF0A4C = {
						CreatedOnToolsVersion = 8.2;
						DevelopmentTeam = 8TQN657P43;
						ProvisioningStyle = Automatic;
						TestTargetID = 64A85A621F8F4C3100BF0A4C;
					};
					64A85A811F8F4C3200BF0A4C = {
						CreatedOnToolsVersion = 8.2;
						DevelopmentTeam = 8TQN657P43;
						ProvisioningStyle = Automatic;
						TestTargetID = 64A85A621F8F4C3100BF0A4C;
					};
				};
			};
			buildConfigurationList = 64A85A5E1F8F4C3100BF0A4C /* Build configuration list for PBXProject "EasyRequest" */;
			compatibilityVersion = "Xcode 3.2";
			developmentRegion = English;
			hasScannedForEncodings = 0;
			knownRegions = (
				en,
				Base,
			);
			mainGroup = 64A85A5A1F8F4C3100BF0A4C;
			productRefGroup = 64A85A641F8F4C3100BF0A4C /* Products */;
			projectDirPath = "";
			projectRoot = "";
			targets = (
				64A85A621F8F4C3100BF0A4C /* EasyRequest */,
				64A85A761F8F4C3200BF0A4C /* EasyRequestTests */,
				64A85A811F8F4C3200BF0A4C /* EasyRequestUITests */,
			);
		};
/* End PBXProject section */

/* Begin PBXResourcesBuildPhase section */
		64A85A611F8F4C3100BF0A4C /* Resources */ = {
			isa = PBXResourcesBuildPhase;
			buildActionMask = 2147483647;
			files = (
				64A85A711F8F4C3100BF0A4C /* LaunchScreen.storyboard in Resources */,
				64A85A6E1F8F4C3100BF0A4C /* Assets.xcassets in Resources */,
				64A85A6C1F8F4C3100BF0A4C /* Main.storyboard in Resources */,
			);
			runOnlyForDeploymentPostprocessing = 0;
		};
		64A85A751F8F4C3200BF0A4C /* Resources */ = {
			isa = PBXResourcesBuildPhase;
			buildActionMask = 2147483647;
			files = (
			);
			runOnlyForDeploymentPostprocessing = 0;
		};
		64A85A801F8F4C3200BF0A4C /* Resources */ = {
			isa = PBXResourcesBuildPhase;
			buildActionMask = 2147483647;
			files = (
			);
			runOnlyForDeploymentPostprocessing = 0;
		};
/* End PBXResourcesBuildPhase section */

/* Begin PBXSourcesBuildPhase section */
		64A85A5F1F8F4C3100BF0A4C /* Sources */ = {
			isa = PBXSourcesBuildPhase;
			buildActionMask = 2147483647;
			files = (
				64A85A971F8F4FA000BF0A4C /* RequestResponderChain.swift in Sources */,
				64A85A691F8F4C3100BF0A4C /* ViewController.swift in Sources */,
				64A85A951F8F4C6000BF0A4C /* EasyRequest.swift in Sources */,
				64A85A671F8F4C3100BF0A4C /* AppDelegate.swift in Sources */,
				64A85A991F8F4FC300BF0A4C /* RequestResponder.swift in Sources */,
				64A85A9B1F8F607200BF0A4C /* EasyRequestManager.swift in Sources */,
			);
			runOnlyForDeploymentPostprocessing = 0;
		};
		64A85A731F8F4C3200BF0A4C /* Sources */ = {
			isa = PBXSourcesBuildPhase;
			buildActionMask = 2147483647;
			files = (
				64A85A7C1F8F4C3200BF0A4C /* EasyRequestTests.swift in Sources */,
			);
			runOnlyForDeploymentPostprocessing = 0;
		};
		64A85A7E1F8F4C3200BF0A4C /* Sources */ = {
			isa = PBXSourcesBuildPhase;
			buildActionMask = 2147483647;
			files = (
				64A85A871F8F4C3200BF0A4C /* EasyRequestUITests.swift in Sources */,
			);
			runOnlyForDeploymentPostprocessing = 0;
		};
/* End PBXSourcesBuildPhase section */

/* Begin PBXTargetDependency section */
		64A85A791F8F4C3200BF0A4C /* PBXTargetDependency */ = {
			isa = PBXTargetDependency;
			target = 64A85A621F8F4C3100BF0A4C /* EasyRequest */;
			targetProxy = 64A85A781F8F4C3200BF0A4C /* PBXContainerItemProxy */;
		};
		64A85A841F8F4C3200BF0A4C /* PBXTargetDependency */ = {
			isa = PBXTargetDependency;
			target = 64A85A621F8F4C3100BF0A4C /* EasyRequest */;
			targetProxy = 64A85A831F8F4C3200BF0A4C /* PBXContainerItemProxy */;
		};
/* End PBXTargetDependency section */

/* Begin PBXVariantGroup section */
		64A85A6A1F8F4C3100BF0A4C /* Main.storyboard */ = {
			isa = PBXVariantGroup;
			children = (
				64A85A6B1F8F4C3100BF0A4C /* Base */,
			);
			name = Main.storyboard;
			sourceTree = "<group>";
		};
		64A85A6F1F8F4C3100BF0A4C /* LaunchScreen.storyboard */ = {
			isa = PBXVariantGroup;
			children = (
				64A85A701F8F4C3100BF0A4C /* Base */,
			);
			name = LaunchScreen.storyboard;
			sourceTree = "<group>";
		};
/* End PBXVariantGroup section */

/* Begin XCBuildConfiguration section */
		64A85A891F8F4C3200BF0A4C /* Debug */ = {
			isa = XCBuildConfiguration;
			buildSettings = {
				ALWAYS_SEARCH_USER_PATHS = NO;
				CLANG_ANALYZER_NONNULL = YES;
				CLANG_CXX_LANGUAGE_STANDARD = "gnu++0x";
				CLANG_CXX_LIBRARY = "libc++";
				CLANG_ENABLE_MODULES = YES;
				CLANG_ENABLE_OBJC_ARC = YES;
				CLANG_WARN_BOOL_CONVERSION = YES;
				CLANG_WARN_CONSTANT_CONVERSION = YES;
				CLANG_WARN_DIRECT_OBJC_ISA_USAGE = YES_ERROR;
				CLANG_WARN_DOCUMENTATION_COMMENTS = YES;
				CLANG_WARN_EMPTY_BODY = YES;
				CLANG_WARN_ENUM_CONVERSION = YES;
				CLANG_WARN_INFINITE_RECURSION = YES;
				CLANG_WARN_INT_CONVERSION = YES;
				CLANG_WARN_OBJC_ROOT_CLASS = YES_ERROR;
				CLANG_WARN_SUSPICIOUS_MOVE = YES;
				CLANG_WARN_UNREACHABLE_CODE = YES;
				CLANG_WARN__DUPLICATE_METHOD_MATCH = YES;
				"CODE_SIGN_IDENTITY[sdk=iphoneos*]" = "iPhone Developer";
				COPY_PHASE_STRIP = NO;
				DEBUG_INFORMATION_FORMAT = dwarf;
				ENABLE_STRICT_OBJC_MSGSEND = YES;
				ENABLE_TESTABILITY = YES;
				GCC_C_LANGUAGE_STANDARD = gnu99;
				GCC_DYNAMIC_NO_PIC = NO;
				GCC_NO_COMMON_BLOCKS = YES;
				GCC_OPTIMIZATION_LEVEL = 0;
				GCC_PREPROCESSOR_DEFINITIONS = (
					"DEBUG=1",
					"$(inherited)",
				);
				GCC_WARN_64_TO_32_BIT_CONVERSION = YES;
				GCC_WARN_ABOUT_RETURN_TYPE = YES_ERROR;
				GCC_WARN_UNDECLARED_SELECTOR = YES;
				GCC_WARN_UNINITIALIZED_AUTOS = YES_AGGRESSIVE;
				GCC_WARN_UNUSED_FUNCTION = YES;
				GCC_WARN_UNUSED_VARIABLE = YES;
				IPHONEOS_DEPLOYMENT_TARGET = 10.2;
				MTL_ENABLE_DEBUG_INFO = YES;
				ONLY_ACTIVE_ARCH = YES;
				SDKROOT = iphoneos;
				SWIFT_ACTIVE_COMPILATION_CONDITIONS = DEBUG;
				SWIFT_OPTIMIZATION_LEVEL = "-Onone";
			};
			name = Debug;
		};
		64A85A8A1F8F4C3200BF0A4C /* Release */ = {
			isa = XCBuildConfiguration;
			buildSettings = {
				ALWAYS_SEARCH_USER_PATHS = NO;
				CLANG_ANALYZER_NONNULL = YES;
				CLANG_CXX_LANGUAGE_STANDARD = "gnu++0x";
				CLANG_CXX_LIBRARY = "libc++";
				CLANG_ENABLE_MODULES = YES;
				CLANG_ENABLE_OBJC_ARC = YES;
				CLANG_WARN_BOOL_CONVERSION = YES;
				CLANG_WARN_CONSTANT_CONVERSION = YES;
				CLANG_WARN_DIRECT_OBJC_ISA_USAGE = YES_ERROR;
				CLANG_WARN_DOCUMENTATION_COMMENTS = YES;
				CLANG_WARN_EMPTY_BODY = YES;
				CLANG_WARN_ENUM_CONVERSION = YES;
				CLANG_WARN_INFINITE_RECURSION = YES;
				CLANG_WARN_INT_CONVERSION = YES;
				CLANG_WARN_OBJC_ROOT_CLASS = YES_ERROR;
				CLANG_WARN_SUSPICIOUS_MOVE = YES;
				CLANG_WARN_UNREACHABLE_CODE = YES;
				CLANG_WARN__DUPLICATE_METHOD_MATCH = YES;
				"CODE_SIGN_IDENTITY[sdk=iphoneos*]" = "iPhone Developer";
				COPY_PHASE_STRIP = NO;
				DEBUG_INFORMATION_FORMAT = "dwarf-with-dsym";
				ENABLE_NS_ASSERTIONS = NO;
				ENABLE_STRICT_OBJC_MSGSEND = YES;
				GCC_C_LANGUAGE_STANDARD = gnu99;
				GCC_NO_COMMON_BLOCKS = YES;
				GCC_WARN_64_TO_32_BIT_CONVERSION = YES;
				GCC_WARN_ABOUT_RETURN_TYPE = YES_ERROR;
				GCC_WARN_UNDECLARED_SELECTOR = YES;
				GCC_WARN_UNINITIALIZED_AUTOS = YES_AGGRESSIVE;
				GCC_WARN_UNUSED_FUNCTION = YES;
				GCC_WARN_UNUSED_VARIABLE = YES;
				IPHONEOS_DEPLOYMENT_TARGET = 10.2;
				MTL_ENABLE_DEBUG_INFO = NO;
				SDKROOT = iphoneos;
				SWIFT_OPTIMIZATION_LEVEL = "-Owholemodule";
				VALIDATE_PRODUCT = YES;
			};
			name = Release;
		};
		64A85A8C1F8F4C3200BF0A4C /* Debug */ = {
			isa = XCBuildConfiguration;
			buildSettings = {
				ASSETCATALOG_COMPILER_APPICON_NAME = AppIcon;
				DEVELOPMENT_TEAM = 8TQN657P43;
				INFOPLIST_FILE = EasyRequest/Info.plist;
				LD_RUNPATH_SEARCH_PATHS = "$(inherited) @executable_path/Frameworks";
				PRODUCT_BUNDLE_IDENTIFIER = alvin.EasyRequest;
				PRODUCT_NAME = "$(TARGET_NAME)";
				SWIFT_VERSION = 3.0;
			};
			name = Debug;
		};
		64A85A8D1F8F4C3200BF0A4C /* Release */ = {
			isa = XCBuildConfiguration;
			buildSettings = {
				ASSETCATALOG_COMPILER_APPICON_NAME = AppIcon;
				DEVELOPMENT_TEAM = 8TQN657P43;
				INFOPLIST_FILE = EasyRequest/Info.plist;
				LD_RUNPATH_SEARCH_PATHS = "$(inherited) @executable_path/Frameworks";
				PRODUCT_BUNDLE_IDENTIFIER = alvin.EasyRequest;
				PRODUCT_NAME = "$(TARGET_NAME)";
				SWIFT_VERSION = 3.0;
			};
			name = Release;
		};
		64A85A8F1F8F4C3200BF0A4C /* Debug */ = {
			isa = XCBuildConfiguration;
			buildSettings = {
				ALWAYS_EMBED_SWIFT_STANDARD_LIBRARIES = YES;
				BUNDLE_LOADER = "$(TEST_HOST)";
				DEVELOPMENT_TEAM = 8TQN657P43;
				INFOPLIST_FILE = EasyRequestTests/Info.plist;
				LD_RUNPATH_SEARCH_PATHS = "$(inherited) @executable_path/Frameworks @loader_path/Frameworks";
				PRODUCT_BUNDLE_IDENTIFIER = alvin.EasyRequestTests;
				PRODUCT_NAME = "$(TARGET_NAME)";
				SWIFT_VERSION = 3.0;
				TEST_HOST = "$(BUILT_PRODUCTS_DIR)/EasyRequest.app/EasyRequest";
			};
			name = Debug;
		};
		64A85A901F8F4C3200BF0A4C /* Release */ = {
			isa = XCBuildConfiguration;
			buildSettings = {
				ALWAYS_EMBED_SWIFT_STANDARD_LIBRARIES = YES;
				BUNDLE_LOADER = "$(TEST_HOST)";
				DEVELOPMENT_TEAM = 8TQN657P43;
				INFOPLIST_FILE = EasyRequestTests/Info.plist;
				LD_RUNPATH_SEARCH_PATHS = "$(inherited) @executable_path/Frameworks @loader_path/Frameworks";
				PRODUCT_BUNDLE_IDENTIFIER = alvin.EasyRequestTests;
				PRODUCT_NAME = "$(TARGET_NAME)";
				SWIFT_VERSION = 3.0;
				TEST_HOST = "$(BUILT_PRODUCTS_DIR)/EasyRequest.app/EasyRequest";
			};
			name = Release;
		};
		64A85A921F8F4C3200BF0A4C /* Debug */ = {
			isa = XCBuildConfiguration;
			buildSettings = {
				ALWAYS_EMBED_SWIFT_STANDARD_LIBRARIES = YES;
				DEVELOPMENT_TEAM = 8TQN657P43;
				INFOPLIST_FILE = EasyRequestUITests/Info.plist;
				LD_RUNPATH_SEARCH_PATHS = "$(inherited) @executable_path/Frameworks @loader_path/Frameworks";
				PRODUCT_BUNDLE_IDENTIFIER = alvin.EasyRequestUITests;
				PRODUCT_NAME = "$(TARGET_NAME)";
				SWIFT_VERSION = 3.0;
				TEST_TARGET_NAME = EasyRequest;
			};
			name = Debug;
		};
		64A85A931F8F4C3200BF0A4C /* Release */ = {
			isa = XCBuildConfiguration;
			buildSettings = {
				ALWAYS_EMBED_SWIFT_STANDARD_LIBRARIES = YES;
				DEVELOPMENT_TEAM = 8TQN657P43;
				INFOPLIST_FILE = EasyRequestUITests/Info.plist;
				LD_RUNPATH_SEARCH_PATHS = "$(inherited) @executable_path/Frameworks @loader_path/Frameworks";
				PRODUCT_BUNDLE_IDENTIFIER = alvin.EasyRequestUITests;
				PRODUCT_NAME = "$(TARGET_NAME)";
				SWIFT_VERSION = 3.0;
				TEST_TARGET_NAME = EasyRequest;
			};
			name = Release;
		};
/* End XCBuildConfiguration section */

/* Begin XCConfigurationList section */
		64A85A5E1F8F4C3100BF0A4C /* Build configuration list for PBXProject "EasyRequest" */ = {
			isa = XCConfigurationList;
			buildConfigurations = (
				64A85A891F8F4C3200BF0A4C /* Debug */,
				64A85A8A1F8F4C3200BF0A4C /* Release */,
			);
			defaultConfigurationIsVisible = 0;
			defaultConfigurationName = Release;
		};
		64A85A8B1F8F4C3200BF0A4C /* Build configuration list for PBXNativeTarget "EasyRequest" */ = {
			isa = XCConfigurationList;
			buildConfigurations = (
				64A85A8C1F8F4C3200BF0A4C /* Debug */,
				64A85A8D1F8F4C3200BF0A4C /* Release */,
			);
			defaultConfigurationIsVisible = 0;
		};
		64A85A8E1F8F4C3200BF0A4C /* Build configuration list for PBXNativeTarget "EasyRequestTests" */ = {
			isa = XCConfigurationList;
			buildConfigurations = (
				64A85A8F1F8F4C3200BF0A4C /* Debug */,
				64A85A901F8F4C3200BF0A4C /* Release */,
			);
			defaultConfigurationIsVisible = 0;
		};
		64A85A911F8F4C3200BF0A4C /* Build configuration list for PBXNativeTarget "EasyRequestUITests" */ = {
			isa = XCConfigurationList;
			buildConfigurations = (
				64A85A921F8F4C3200BF0A4C /* Debug */,
				64A85A931F8F4C3200BF0A4C /* Release */,
			);
			defaultConfigurationIsVisible = 0;
		};
/* End XCConfigurationList section */
	};
	rootObject = 64A85A5B1F8F4C3100BF0A4C /* Project object */;
}
